schema: '2.0'
stages:
  data_ingestion:
    cmd: python src/data_ingestion.py
    deps:
    - path: src/data_ingestion.py
      hash: md5
      md5: 8ccb94f163256a955d7c4fdb11d3ab23
      size: 3588
    params:
      params.yaml:
        data_ingestion.test_size: 0.15
    outs:
    - path: data/raw
      hash: md5
      md5: 97961f893362ed56dad75426638e8648.dir
      size: 479272
      nfiles: 2
  preprocessing:
    cmd: python src/preprocessing.py
    deps:
    - path: data/raw
      hash: md5
      md5: 97961f893362ed56dad75426638e8648.dir
      size: 479272
      nfiles: 2
    - path: src/preprocessing.py
      hash: md5
      md5: f28ae74304fdb2ab518169fd2e4fa70b
      size: 3711
    outs:
    - path: data/interim
      hash: md5
      md5: 24c8f8e8e4ad7e5a400db2da546b8504.dir
      size: 253920
      nfiles: 2
  feature_engineering:
    cmd: python src/feature_engineering.py
    deps:
    - path: data/interim
      hash: md5
      md5: 24c8f8e8e4ad7e5a400db2da546b8504.dir
      size: 253920
      nfiles: 2
    - path: src/feature_engineering.py
      hash: md5
      md5: 81b9c34e0c805097dd444e94038fe47a
      size: 4091
    params:
      params.yaml:
        feature_engineering.max_features: 75
    outs:
    - path: data/processed
      hash: md5
      md5: 0cd00585f57465f0afa327067d9ed670.dir
      size: 1736667
      nfiles: 2
  model_training:
    cmd: python src/model_training.py
    deps:
    - path: data/processed
      hash: md5
      md5: 0cd00585f57465f0afa327067d9ed670.dir
      size: 1736667
      nfiles: 2
    - path: src/model_training.py
      hash: md5
      md5: 2f87a4e902fb4cdb0bf91a4c63a3e9e1
      size: 3852
    params:
      params.yaml:
        model_training.n_estimators: 28
        model_training.random_state: 2
    outs:
    - path: models/model.pkl
      hash: md5
      md5: 272c538c6ecd12fb89d8940bade66d6e
      size: 1275790
  model_evaluation:
    cmd: python src/model_evaluation.py
    deps:
    - path: models/model.pkl
      hash: md5
      md5: 272c538c6ecd12fb89d8940bade66d6e
      size: 1275790
    - path: src/model_evaluation.py
      hash: md5
      md5: 013a15a13200b726539e573c29620f65
      size: 3555
    outs:
    - path: reports/metrics.json
      hash: md5
      md5: aed94362f81f76d2d027cccbc41bee3b
      size: 140
